
Microsoft Visual Studio Solution File, Format Version 12.00
# Visual Studio 2012
Project("{FAE04EC0-301F-11D3-BF4B-00C04F79EFBC}") = "Wormhole", "Wormhole\Wormhole.csproj", "{5BF8F630-3F2A-4ADB-BAEE-79ED67DDE5EA}"
EndProject
Project("{FAE04EC0-301F-11D3-BF4B-00C04F79EFBC}") = "Wormhole.Tests", "Wormhole.Tests\Wormhole.Tests.csproj", "{0E3C1129-F911-4F15-AC65-BE591158F92C}"
EndProject
Global
	GlobalSection(SolutionConfigurationPlatforms) = preSolution
		Debug|Any CPU = Debug|Any CPU
		Release|Any CPU = Release|Any CPU
	EndGlobalSection
	GlobalSection(ProjectConfigurationPlatforms) = postSolution
		{5BF8F630-3F2A-4ADB-BAEE-79ED67DDE5EA}.Debug|Any CPU.ActiveCfg = Debug|Any CPU
		{5BF8F630-3F2A-4ADB-BAEE-79ED67DDE5EA}.Debug|Any CPU.Build.0 = Debug|Any CPU
		{5BF8F630-3F2A-4ADB-BAEE-79ED67DDE5EA}.Release|Any CPU.ActiveCfg = Release|Any CPU
		{5BF8F630-3F2A-4ADB-BAEE-79ED67DDE5EA}.Release|Any CPU.Build.0 = Release|Any CPU
		{0E3C1129-F911-4F15-AC65-BE591158F92C}.Debug|Any CPU.ActiveCfg = Debug|Any CPU
		{0E3C1129-F911-4F15-AC65-BE591158F92C}.Debug|Any CPU.Build.0 = Debug|Any CPU
		{0E3C1129-F911-4F15-AC65-BE591158F92C}.Release|Any CPU.ActiveCfg = Release|Any CPU
		{0E3C1129-F911-4F15-AC65-BE591158F92C}.Release|Any CPU.Build.0 = Release|Any CPU
	EndGlobalSection
EndGlobal
